
Microsoft Visual Studio Solution File, Format Version 12.00
# Visual Studio Version 17
VisualStudioVersion = 17.4.33205.214
MinimumVisualStudioVersion = 10.0.40219.1
Project("{2150E333-8FDC-42A3-9474-1A3956D46DE8}") = "src", "src", "{DBEE04CC-912B-416B-8C83-F48F5C1D69B0}"
EndProject
Project("{2150E333-8FDC-42A3-9474-1A3956D46DE8}") = "Core", "Core", "{49323964-4B35-482A-86E0-337E800A671E}"
EndProject
Project("{9A19103F-16F7-4668-BE54-9A1E7A4F7556}") = "Domain", "src\Core\Domain\Domain.csproj", "{442C0167-07AA-4706-A619-5B569A1FF756}"
EndProject
Project("{9A19103F-16F7-4668-BE54-9A1E7A4F7556}") = "Application", "src\Core\Application\Application.csproj", "{40D9D287-4B41-4704-970E-5B7CE2AFE740}"
EndProject
Project("{FAE04EC0-301F-11D3-BF4B-00C04F79EFBC}") = "Shared", "src\Shared\Shared.csproj", "{AE324B6C-DC54-484F-B49A-2DF34D615E3D}"
EndProject
Project("{2150E333-8FDC-42A3-9474-1A3956D46DE8}") = "Infrastructure", "Infrastructure", "{A6CDB684-AC5B-4047-834B-98E06F5FDEAF}"
EndProject
Project("{FAE04EC0-301F-11D3-BF4B-00C04F79EFBC}") = "Persistence", "src\Infrastructure\Persistence\Persistence.csproj", "{46303635-FC0B-4EB9-BEFC-A5A4581E9484}"
EndProject
Project("{2150E333-8FDC-42A3-9474-1A3956D46DE8}") = "Presentation", "Presentation", "{5E206425-628C-4F1F-8EB4-D558B3E346D4}"
EndProject
Project("{FAE04EC0-301F-11D3-BF4B-00C04F79EFBC}") = "WebApi", "src\Presentation\WebApi\WebApi.csproj", "{3A29FFDB-1C5F-4E7C-94B5-836E8AFBDDE9}"
EndProject
Global
	GlobalSection(SolutionConfigurationPlatforms) = preSolution
		Debug|Any CPU = Debug|Any CPU
		Release|Any CPU = Release|Any CPU
	EndGlobalSection
	GlobalSection(ProjectConfigurationPlatforms) = postSolution
		{442C0167-07AA-4706-A619-5B569A1FF756}.Debug|Any CPU.ActiveCfg = Debug|Any CPU
		{442C0167-07AA-4706-A619-5B569A1FF756}.Debug|Any CPU.Build.0 = Debug|Any CPU
		{442C0167-07AA-4706-A619-5B569A1FF756}.Release|Any CPU.ActiveCfg = Release|Any CPU
		{442C0167-07AA-4706-A619-5B569A1FF756}.Release|Any CPU.Build.0 = Release|Any CPU
		{40D9D287-4B41-4704-970E-5B7CE2AFE740}.Debug|Any CPU.ActiveCfg = Debug|Any CPU
		{40D9D287-4B41-4704-970E-5B7CE2AFE740}.Debug|Any CPU.Build.0 = Debug|Any CPU
		{40D9D287-4B41-4704-970E-5B7CE2AFE740}.Release|Any CPU.ActiveCfg = Release|Any CPU
		{40D9D287-4B41-4704-970E-5B7CE2AFE740}.Release|Any CPU.Build.0 = Release|Any CPU
		{AE324B6C-DC54-484F-B49A-2DF34D615E3D}.Debug|Any CPU.ActiveCfg = Debug|Any CPU
		{AE324B6C-DC54-484F-B49A-2DF34D615E3D}.Debug|Any CPU.Build.0 = Debug|Any CPU
		{AE324B6C-DC54-484F-B49A-2DF34D615E3D}.Release|Any CPU.ActiveCfg = Release|Any CPU
		{AE324B6C-DC54-484F-B49A-2DF34D615E3D}.Release|Any CPU.Build.0 = Release|Any CPU
		{46303635-FC0B-4EB9-BEFC-A5A4581E9484}.Debug|Any CPU.ActiveCfg = Debug|Any CPU
		{46303635-FC0B-4EB9-BEFC-A5A4581E9484}.Debug|Any CPU.Build.0 = Debug|Any CPU
		{46303635-FC0B-4EB9-BEFC-A5A4581E9484}.Release|Any CPU.ActiveCfg = Release|Any CPU
		{46303635-FC0B-4EB9-BEFC-A5A4581E9484}.Release|Any CPU.Build.0 = Release|Any CPU
		{3A29FFDB-1C5F-4E7C-94B5-836E8AFBDDE9}.Debug|Any CPU.ActiveCfg = Debug|Any CPU
		{3A29FFDB-1C5F-4E7C-94B5-836E8AFBDDE9}.Debug|Any CPU.Build.0 = Debug|Any CPU
		{3A29FFDB-1C5F-4E7C-94B5-836E8AFBDDE9}.Release|Any CPU.ActiveCfg = Release|Any CPU
		{3A29FFDB-1C5F-4E7C-94B5-836E8AFBDDE9}.Release|Any CPU.Build.0 = Release|Any CPU
	EndGlobalSection
	GlobalSection(SolutionProperties) = preSolution
		HideSolutionNode = FALSE
	EndGlobalSection
	GlobalSection(NestedProjects) = preSolution
		{49323964-4B35-482A-86E0-337E800A671E} = {DBEE04CC-912B-416B-8C83-F48F5C1D69B0}
		{442C0167-07AA-4706-A619-5B569A1FF756} = {49323964-4B35-482A-86E0-337E800A671E}
		{40D9D287-4B41-4704-970E-5B7CE2AFE740} = {49323964-4B35-482A-86E0-337E800A671E}
		{A6CDB684-AC5B-4047-834B-98E06F5FDEAF} = {DBEE04CC-912B-416B-8C83-F48F5C1D69B0}
		{46303635-FC0B-4EB9-BEFC-A5A4581E9484} = {A6CDB684-AC5B-4047-834B-98E06F5FDEAF}
		{5E206425-628C-4F1F-8EB4-D558B3E346D4} = {DBEE04CC-912B-416B-8C83-F48F5C1D69B0}
		{3A29FFDB-1C5F-4E7C-94B5-836E8AFBDDE9} = {5E206425-628C-4F1F-8EB4-D558B3E346D4}
	EndGlobalSection
	GlobalSection(ExtensibilityGlobals) = postSolution
		SolutionGuid = {6093A539-0D9F-43D5-9698-9F182E93E2EE}
	EndGlobalSection
EndGlobal
